// !$*UTF8*$!
{
	archiveVersion = 1;
	classes = {
	};
	objectVersion = 46;
	objects = {

/* Begin PBXBuildFile section */
		8135C3411EB1FCDA00FCF9F4 /* AppDelegate.swift in Sources */ = {isa = PBXBuildFile; fileRef = 8135C3401EB1FCDA00FCF9F4 /* AppDelegate.swift */; };
		8135C3431EB1FCDA00FCF9F4 /* ViewController.swift in Sources */ = {isa = PBXBuildFile; fileRef = 8135C3421EB1FCDA00FCF9F4 /* ViewController.swift */; };
		8135C3461EB1FCDB00FCF9F4 /* Main.storyboard in Resources */ = {isa = PBXBuildFile; fileRef = 8135C3441EB1FCDB00FCF9F4 /* Main.storyboard */; };
		8135C3481EB1FCDB00FCF9F4 /* Assets.xcassets in Resources */ = {isa = PBXBuildFile; fileRef = 8135C3471EB1FCDB00FCF9F4 /* Assets.xcassets */; };
		8135C34B1EB1FCDB00FCF9F4 /* LaunchScreen.storyboard in Resources */ = {isa = PBXBuildFile; fileRef = 8135C3491EB1FCDB00FCF9F4 /* LaunchScreen.storyboard */; };
		8135C3561EB1FCDB00FCF9F4 /* UploadPDFTests.swift in Sources */ = {isa = PBXBuildFile; fileRef = 8135C3551EB1FCDB00FCF9F4 /* UploadPDFTests.swift */; };
		8135C3611EB1FCDC00FCF9F4 /* UploadPDFUITests.swift in Sources */ = {isa = PBXBuildFile; fileRef = 8135C3601EB1FCDC00FCF9F4 /* UploadPDFUITests.swift */; };
/* End PBXBuildFile section */

/* Begin PBXContainerItemProxy section */
		8135C3521EB1FCDB00FCF9F4 /* PBXContainerItemProxy */ = {
			isa = PBXContainerItemProxy;
			containerPortal = 8135C3351EB1FCD900FCF9F4 /* Project object */;
			proxyType = 1;
			remoteGlobalIDString = 8135C33C1EB1FCDA00FCF9F4;
			remoteInfo = UploadPDF;
		};
		8135C35D1EB1FCDB00FCF9F4 /* PBXContainerItemProxy */ = {
			isa = PBXContainerItemProxy;
			containerPortal = 8135C3351EB1FCD900FCF9F4 /* Project object */;
			proxyType = 1;
			remoteGlobalIDString = 8135C33C1EB1FCDA00FCF9F4;
			remoteInfo = UploadPDF;
		};
/* End PBXContainerItemProxy section */

/* Begin PBXFileReference section */
		8135C33D1EB1FCDA00FCF9F4 /* UploadPDF.app */ = {isa = PBXFileReference; explicitFileType = wrapper.application; includeInIndex = 0; path = UploadPDF.app; sourceTree = BUILT_PRODUCTS_DIR; };
		8135C3401EB1FCDA00FCF9F4 /* AppDelegate.swift */ = {isa = PBXFileReference; lastKnownFileType = sourcecode.swift; path = AppDelegate.swift; sourceTree = "<group>"; };
		8135C3421EB1FCDA00FCF9F4 /* ViewController.swift */ = {isa = PBXFileReference; lastKnownFileType = sourcecode.swift; path = ViewController.swift; sourceTree = "<group>"; };
		8135C3451EB1FCDB00FCF9F4 /* Base */ = {isa = PBXFileReference; lastKnownFileType = file.storyboard; name = Base; path = Base.lproj/Main.storyboard; sourceTree = "<group>"; };
		8135C3471EB1FCDB00FCF9F4 /* Assets.xcassets */ = {isa = PBXFileReference; lastKnownFileType = folder.assetcatalog; path = Assets.xcassets; sourceTree = "<group>"; };
		8135C34A1EB1FCDB00FCF9F4 /* Base */ = {isa = PBXFileReference; lastKnownFileType = file.storyboard; name = Base; path = Base.lproj/LaunchScreen.storyboard; sourceTree = "<group>"; };
		8135C34C1EB1FCDB00FCF9F4 /* Info.plist */ = {isa = PBXFileReference; lastKnownFileType = text.plist.xml; path = Info.plist; sourceTree = "<group>"; };
		8135C3511EB1FCDB00FCF9F4 /* UploadPDFTests.xctest */ = {isa = PBXFileReference; explicitFileType = wrapper.cfbundle; includeInIndex = 0; path = UploadPDFTests.xctest; sourceTree = BUILT_PRODUCTS_DIR; };
		8135C3551EB1FCDB00FCF9F4 /* UploadPDFTests.swift */ = {isa = PBXFileReference; lastKnownFileType = sourcecode.swift; path = UploadPDFTests.swift; sourceTree = "<group>"; };
		8135C3571EB1FCDB00FCF9F4 /* Info.plist */ = {isa = PBXFileReference; lastKnownFileType = text.plist.xml; path = Info.plist; sourceTree = "<group>"; };
		8135C35C1EB1FCDB00FCF9F4 /* UploadPDFUITests.xctest */ = {isa = PBXFileReference; explicitFileType = wrapper.cfbundle; includeInIndex = 0; path = UploadPDFUITests.xctest; sourceTree = BUILT_PRODUCTS_DIR; };
		8135C3601EB1FCDC00FCF9F4 /* UploadPDFUITests.swift */ = {isa = PBXFileReference; lastKnownFileType = sourcecode.swift; path = UploadPDFUITests.swift; sourceTree = "<group>"; };
		8135C3621EB1FCDC00FCF9F4 /* Info.plist */ = {isa = PBXFileReference; lastKnownFileType = text.plist.xml; path = Info.plist; sourceTree = "<group>"; };
/* End PBXFileReference section */

/* Begin PBXFrameworksBuildPhase section */
		8135C33A1EB1FCDA00FCF9F4 /* Frameworks */ = {
			isa = PBXFrameworksBuildPhase;
			buildActionMask = 2147483647;
			files = (
			);
			runOnlyForDeploymentPostprocessing = 0;
		};
		8135C34E1EB1FCDB00FCF9F4 /* Frameworks */ = {
			isa = PBXFrameworksBuildPhase;
			buildActionMask = 2147483647;
			files = (
			);
			runOnlyForDeploymentPostprocessing = 0;
		};
		8135C3591EB1FCDB00FCF9F4 /* Frameworks */ = {
			isa = PBXFrameworksBuildPhase;
			buildActionMask = 2147483647;
			files = (
			);
			runOnlyForDeploymentPostprocessing = 0;
		};
/* End PBXFrameworksBuildPhase section */

/* Begin PBXGroup section */
		8135C3341EB1FCD900FCF9F4 = {
			isa = PBXGroup;
			children = (
				8135C33F1EB1FCDA00FCF9F4 /* UploadPDF */,
				8135C3541EB1FCDB00FCF9F4 /* UploadPDFTests */,
				8135C35F1EB1FCDB00FCF9F4 /* UploadPDFUITests */,
				8135C33E1EB1FCDA00FCF9F4 /* Products */,
			);
			sourceTree = "<group>";
		};
		8135C33E1EB1FCDA00FCF9F4 /* Products */ = {
			isa = PBXGroup;
			children = (
				8135C33D1EB1FCDA00FCF9F4 /* UploadPDF.app */,
				8135C3511EB1FCDB00FCF9F4 /* UploadPDFTests.xctest */,
				8135C35C1EB1FCDB00FCF9F4 /* UploadPDFUITests.xctest */,
			);
			name = Products;
			sourceTree = "<group>";
		};
		8135C33F1EB1FCDA00FCF9F4 /* UploadPDF */ = {
			isa = PBXGroup;
			children = (
				8135C3401EB1FCDA00FCF9F4 /* AppDelegate.swift */,
				8135C3421EB1FCDA00FCF9F4 /* ViewController.swift */,
				8135C3441EB1FCDB00FCF9F4 /* Main.storyboard */,
				8135C3471EB1FCDB00FCF9F4 /* Assets.xcassets */,
				8135C3491EB1FCDB00FCF9F4 /* LaunchScreen.storyboard */,
				8135C34C1EB1FCDB00FCF9F4 /* Info.plist */,
			);
			path = UploadPDF;
			sourceTree = "<group>";
		};
		8135C3541EB1FCDB00FCF9F4 /* UploadPDFTests */ = {
			isa = PBXGroup;
			children = (
				8135C3551EB1FCDB00FCF9F4 /* UploadPDFTests.swift */,
				8135C3571EB1FCDB00FCF9F4 /* Info.plist */,
			);
			path = UploadPDFTests;
			sourceTree = "<group>";
		};
		8135C35F1EB1FCDB00FCF9F4 /* UploadPDFUITests */ = {
			isa = PBXGroup;
			children = (
				8135C3601EB1FCDC00FCF9F4 /* UploadPDFUITests.swift */,
				8135C3621EB1FCDC00FCF9F4 /* Info.plist */,
			);
			path = UploadPDFUITests;
			sourceTree = "<group>";
		};
/* End PBXGroup section */

/* Begin PBXNativeTarget section */
		8135C33C1EB1FCDA00FCF9F4 /* UploadPDF */ = {
			isa = PBXNativeTarget;
			buildConfigurationList = 8135C3651EB1FCDC00FCF9F4 /* Build configuration list for PBXNativeTarget "UploadPDF" */;
			buildPhases = (
				8135C3391EB1FCDA00FCF9F4 /* Sources */,
				8135C33A1EB1FCDA00FCF9F4 /* Frameworks */,
				8135C33B1EB1FCDA00FCF9F4 /* Resources */,
			);
			buildRules = (
			);
			dependencies = (
			);
			name = UploadPDF;
			productName = UploadPDF;
			productReference = 8135C33D1EB1FCDA00FCF9F4 /* UploadPDF.app */;
			productType = "com.apple.product-type.application";
		};
		8135C3501EB1FCDB00FCF9F4 /* UploadPDFTests */ = {
			isa = PBXNativeTarget;
			buildConfigurationList = 8135C3681EB1FCDC00FCF9F4 /* Build configuration list for PBXNativeTarget "UploadPDFTests" */;
			buildPhases = (
				8135C34D1EB1FCDB00FCF9F4 /* Sources */,
				8135C34E1EB1FCDB00FCF9F4 /* Frameworks */,
				8135C34F1EB1FCDB00FCF9F4 /* Resources */,
			);
			buildRules = (
			);
			dependencies = (
				8135C3531EB1FCDB00FCF9F4 /* PBXTargetDependency */,
			);
			name = UploadPDFTests;
			productName = UploadPDFTests;
			productReference = 8135C3511EB1FCDB00FCF9F4 /* UploadPDFTests.xctest */;
			productType = "com.apple.product-type.bundle.unit-test";
		};
		8135C35B1EB1FCDB00FCF9F4 /* UploadPDFUITests */ = {
			isa = PBXNativeTarget;
			buildConfigurationList = 8135C36B1EB1FCDC00FCF9F4 /* Build configuration list for PBXNativeTarget "UploadPDFUITests" */;
			buildPhases = (
				8135C3581EB1FCDB00FCF9F4 /* Sources */,
				8135C3591EB1FCDB00FCF9F4 /* Frameworks */,
				8135C35A1EB1FCDB00FCF9F4 /* Resources */,
			);
			buildRules = (
			);
			dependencies = (
				8135C35E1EB1FCDB00FCF9F4 /* PBXTargetDependency */,
			);
			name = UploadPDFUITests;
			productName = UploadPDFUITests;
			productReference = 8135C35C1EB1FCDB00FCF9F4 /* UploadPDFUITests.xctest */;
			productType = "com.apple.product-type.bundle.ui-testing";
		};
/* End PBXNativeTarget section */

/* Begin PBXProject section */
		8135C3351EB1FCD900FCF9F4 /* Project object */ = {
			isa = PBXProject;
			attributes = {
				LastSwiftUpdateCheck = 0830;
				LastUpgradeCheck = 0830;
				ORGANIZATIONNAME = iOS;
				TargetAttributes = {
					8135C33C1EB1FCDA00FCF9F4 = {
						CreatedOnToolsVersion = 8.3;
						DevelopmentTeam = RXRA63Q8FB;
						ProvisioningStyle = Automatic;
					};
					8135C3501EB1FCDB00FCF9F4 = {
						CreatedOnToolsVersion = 8.3;
						DevelopmentTeam = RXRA63Q8FB;
						ProvisioningStyle = Automatic;
						TestTargetID = 8135C33C1EB1FCDA00FCF9F4;
					};
					8135C35B1EB1FCDB00FCF9F4 = {
						CreatedOnToolsVersion = 8.3;
						DevelopmentTeam = RXRA63Q8FB;
						ProvisioningStyle = Automatic;
						TestTargetID = 8135C33C1EB1FCDA00FCF9F4;
					};
				};
			};
			buildConfigurationList = 8135C3381EB1FCD900FCF9F4 /* Build configuration list for PBXProject "UploadPDF" */;
			compatibilityVersion = "Xcode 3.2";
			developmentRegion = English;
			hasScannedForEncodings = 0;
			knownRegions = (
				en,
				Base,
			);
			mainGroup = 8135C3341EB1FCD900FCF9F4;
			productRefGroup = 8135C33E1EB1FCDA00FCF9F4 /* Products */;
			projectDirPath = "";
			projectRoot = "";
			targets = (
				8135C33C1EB1FCDA00FCF9F4 /* UploadPDF */,
				8135C3501EB1FCDB00FCF9F4 /* UploadPDFTests */,
				8135C35B1EB1FCDB00FCF9F4 /* UploadPDFUITests */,
			);
		};
/* End PBXProject section */

/* Begin PBXResourcesBuildPhase section */
		8135C33B1EB1FCDA00FCF9F4 /* Resources */ = {
			isa = PBXResourcesBuildPhase;
			buildActionMask = 2147483647;
			files = (
				8135C34B1EB1FCDB00FCF9F4 /* LaunchScreen.storyboard in Resources */,
				8135C3481EB1FCDB00FCF9F4 /* Assets.xcassets in Resources */,
				8135C3461EB1FCDB00FCF9F4 /* Main.storyboard in Resources */,
			);
			runOnlyForDeploymentPostprocessing = 0;
		};
		8135C34F1EB1FCDB00FCF9F4 /* Resources */ = {
			isa = PBXResourcesBuildPhase;
			buildActionMask = 2147483647;
			files = (
			);
			runOnlyForDeploymentPostprocessing = 0;
		};
		8135C35A1EB1FCDB00FCF9F4 /* Resources */ = {
			isa = PBXResourcesBuildPhase;
			buildActionMask = 2147483647;
			files = (
			);
			runOnlyForDeploymentPostprocessing = 0;
		};
/* End PBXResourcesBuildPhase section */

/* Begin PBXSourcesBuildPhase section */
		8135C3391EB1FCDA00FCF9F4 /* Sources */ = {
			isa = PBXSourcesBuildPhase;
			buildActionMask = 2147483647;
			files = (
				8135C3431EB1FCDA00FCF9F4 /* ViewController.swift in Sources */,
				8135C3411EB1FCDA00FCF9F4 /* AppDelegate.swift in Sources */,
			);
			runOnlyForDeploymentPostprocessing = 0;
		};
		8135C34D1EB1FCDB00FCF9F4 /* Sources */ = {
			isa = PBXSourcesBuildPhase;
			buildActionMask = 2147483647;
			files = (
				8135C3561EB1FCDB00FCF9F4 /* UploadPDFTests.swift in Sources */,
			);
			runOnlyForDeploymentPostprocessing = 0;
		};
		8135C3581EB1FCDB00FCF9F4 /* Sources */ = {
			isa = PBXSourcesBuildPhase;
			buildActionMask = 2147483647;
			files = (
				8135C3611EB1FCDC00FCF9F4 /* UploadPDFUITests.swift in Sources */,
			);
			runOnlyForDeploymentPostprocessing = 0;
		};
/* End PBXSourcesBuildPhase section */

/* Begin PBXTargetDependency section */
		8135C3531EB1FCDB00FCF9F4 /* PBXTargetDependency */ = {
			isa = PBXTargetDependency;
			target = 8135C33C1EB1FCDA00FCF9F4 /* UploadPDF */;
			targetProxy = 8135C3521EB1FCDB00FCF9F4 /* PBXContainerItemProxy */;
		};
		8135C35E1EB1FCDB00FCF9F4 /* PBXTargetDependency */ = {
			isa = PBXTargetDependency;
			target = 8135C33C1EB1FCDA00FCF9F4 /* UploadPDF */;
			targetProxy = 8135C35D1EB1FCDB00FCF9F4 /* PBXContainerItemProxy */;
		};
/* End PBXTargetDependency section */

/* Begin PBXVariantGroup section */
		8135C3441EB1FCDB00FCF9F4 /* Main.storyboard */ = {
			isa = PBXVariantGroup;
			children = (
				8135C3451EB1FCDB00FCF9F4 /* Base */,
			);
			name = Main.storyboard;
			sourceTree = "<group>";
		};
		8135C3491EB1FCDB00FCF9F4 /* LaunchScreen.storyboard */ = {
			isa = PBXVariantGroup;
			children = (
				8135C34A1EB1FCDB00FCF9F4 /* Base */,
			);
			name = LaunchScreen.storyboard;
			sourceTree = "<group>";
		};
/* End PBXVariantGroup section */

/* Begin XCBuildConfiguration section */
		8135C3631EB1FCDC00FCF9F4 /* Debug */ = {
			isa = XCBuildConfiguration;
			buildSettings = {
				ALWAYS_SEARCH_USER_PATHS = NO;
				CLANG_ANALYZER_NONNULL = YES;
				CLANG_ANALYZER_NUMBER_OBJECT_CONVERSION = YES_AGGRESSIVE;
				CLANG_CXX_LANGUAGE_STANDARD = "gnu++0x";
				CLANG_CXX_LIBRARY = "libc++";
				CLANG_ENABLE_MODULES = YES;
				CLANG_ENABLE_OBJC_ARC = YES;
				CLANG_WARN_BOOL_CONVERSION = YES;
				CLANG_WARN_CONSTANT_CONVERSION = YES;
				CLANG_WARN_DIRECT_OBJC_ISA_USAGE = YES_ERROR;
				CLANG_WARN_DOCUMENTATION_COMMENTS = YES;
				CLANG_WARN_EMPTY_BODY = YES;
				CLANG_WARN_ENUM_CONVERSION = YES;
				CLANG_WARN_INFINITE_RECURSION = YES;
				CLANG_WARN_INT_CONVERSION = YES;
				CLANG_WARN_OBJC_ROOT_CLASS = YES_ERROR;
				CLANG_WARN_SUSPICIOUS_MOVE = YES;
				CLANG_WARN_UNREACHABLE_CODE = YES;
				CLANG_WARN__DUPLICATE_METHOD_MATCH = YES;
				"CODE_SIGN_IDENTITY[sdk=iphoneos*]" = "iPhone Developer";
				COPY_PHASE_STRIP = NO;
				DEBUG_INFORMATION_FORMAT = dwarf;
				ENABLE_STRICT_OBJC_MSGSEND = YES;
				ENABLE_TESTABILITY = YES;
				GCC_C_LANGUAGE_STANDARD = gnu99;
				GCC_DYNAMIC_NO_PIC = NO;
				GCC_NO_COMMON_BLOCKS = YES;
				GCC_OPTIMIZATION_LEVEL = 0;
				GCC_PREPROCESSOR_DEFINITIONS = (
					"DEBUG=1",
					"$(inherited)",
				);
				GCC_WARN_64_TO_32_BIT_CONVERSION = YES;
				GCC_WARN_ABOUT_RETURN_TYPE = YES_ERROR;
				GCC_WARN_UNDECLARED_SELECTOR = YES;
				GCC_WARN_UNINITIALIZED_AUTOS = YES_AGGRESSIVE;
				GCC_WARN_UNUSED_FUNCTION = YES;
				GCC_WARN_UNUSED_VARIABLE = YES;
				IPHONEOS_DEPLOYMENT_TARGET = 10.3;
				MTL_ENABLE_DEBUG_INFO = YES;
				ONLY_ACTIVE_ARCH = YES;
				SDKROOT = iphoneos;
				SWIFT_ACTIVE_COMPILATION_CONDITIONS = DEBUG;
				SWIFT_OPTIMIZATION_LEVEL = "-Onone";
				TARGETED_DEVICE_FAMILY = "1,2";
			};
			name = Debug;
		};
		8135C3641EB1FCDC00FCF9F4 /* Release */ = {
			isa = XCBuildConfiguration;
			buildSettings = {
				ALWAYS_SEARCH_USER_PATHS = NO;
				CLANG_ANALYZER_NONNULL = YES;
				CLANG_ANALYZER_NUMBER_OBJECT_CONVERSION = YES_AGGRESSIVE;
				CLANG_CXX_LANGUAGE_STANDARD = "gnu++0x";
				CLANG_CXX_LIBRARY = "libc++";
				CLANG_ENABLE_MODULES = YES;
				CLANG_ENABLE_OBJC_ARC = YES;
				CLANG_WARN_BOOL_CONVERSION = YES;
				CLANG_WARN_CONSTANT_CONVERSION = YES;
				CLANG_WARN_DIRECT_OBJC_ISA_USAGE = YES_ERROR;
				CLANG_WARN_DOCUMENTATION_COMMENTS = YES;
				CLANG_WARN_EMPTY_BODY = YES;
				CLANG_WARN_ENUM_CONVERSION = YES;
				CLANG_WARN_INFINITE_RECURSION = YES;
				CLANG_WARN_INT_CONVERSION = YES;
				CLANG_WARN_OBJC_ROOT_CLASS = YES_ERROR;
				CLANG_WARN_SUSPICIOUS_MOVE = YES;
				CLANG_WARN_UNREACHABLE_CODE = YES;
				CLANG_WARN__DUPLICATE_METHOD_MATCH = YES;
				"CODE_SIGN_IDENTITY[sdk=iphoneos*]" = "iPhone Developer";
				COPY_PHASE_STRIP = NO;
				DEBUG_INFORMATION_FORMAT = "dwarf-with-dsym";
				ENABLE_NS_ASSERTIONS = NO;
				ENABLE_STRICT_OBJC_MSGSEND = YES;
				GCC_C_LANGUAGE_STANDARD = gnu99;
				GCC_NO_COMMON_BLOCKS = YES;
				GCC_WARN_64_TO_32_BIT_CONVERSION = YES;
				GCC_WARN_ABOUT_RETURN_TYPE = YES_ERROR;
				GCC_WARN_UNDECLARED_SELECTOR = YES;
				GCC_WARN_UNINITIALIZED_AUTOS = YES_AGGRESSIVE;
				GCC_WARN_UNUSED_FUNCTION = YES;
				GCC_WARN_UNUSED_VARIABLE = YES;
				IPHONEOS_DEPLOYMENT_TARGET = 10.3;
				MTL_ENABLE_DEBUG_INFO = NO;
				SDKROOT = iphoneos;
				SWIFT_OPTIMIZATION_LEVEL = "-Owholemodule";
				TARGETED_DEVICE_FAMILY = "1,2";
				VALIDATE_PRODUCT = YES;
			};
			name = Release;
		};
		8135C3661EB1FCDC00FCF9F4 /* Debug */ = {
			isa = XCBuildConfiguration;
			buildSettings = {
				ASSETCATALOG_COMPILER_APPICON_NAME = AppIcon;
				DEVELOPMENT_TEAM = RXRA63Q8FB;
				INFOPLIST_FILE = UploadPDF/Info.plist;
				LD_RUNPATH_SEARCH_PATHS = "$(inherited) @executable_path/Frameworks";
				PRODUCT_BUNDLE_IDENTIFIER = com.ps.UploadPDF;
				PRODUCT_NAME = "$(TARGET_NAME)";
				SWIFT_VERSION = 3.0;
			};
			name = Debug;
		};
		8135C3671EB1FCDC00FCF9F4 /* Release */ = {
			isa = XCBuildConfiguration;
			buildSettings = {
				ASSETCATALOG_COMPILER_APPICON_NAME = AppIcon;
				DEVELOPMENT_TEAM = RXRA63Q8FB;
				INFOPLIST_FILE = UploadPDF/Info.plist;
				LD_RUNPATH_SEARCH_PATHS = "$(inherited) @executable_path/Frameworks";
				PRODUCT_BUNDLE_IDENTIFIER = com.ps.UploadPDF;
				PRODUCT_NAME = "$(TARGET_NAME)";
				SWIFT_VERSION = 3.0;
			};
			name = Release;
		};
		8135C3691EB1FCDC00FCF9F4 /* Debug */ = {
			isa = XCBuildConfiguration;
			buildSettings = {
				ALWAYS_EMBED_SWIFT_STANDARD_LIBRARIES = YES;
				BUNDLE_LOADER = "$(TEST_HOST)";
				DEVELOPMENT_TEAM = RXRA63Q8FB;
				INFOPLIST_FILE = UploadPDFTests/Info.plist;
				LD_RUNPATH_SEARCH_PATHS = "$(inherited) @executable_path/Frameworks @loader_path/Frameworks";
				PRODUCT_BUNDLE_IDENTIFIER = com.ps.UploadPDFTests;
				PRODUCT_NAME = "$(TARGET_NAME)";
				SWIFT_VERSION = 3.0;
				TEST_HOST = "$(BUILT_PRODUCTS_DIR)/UploadPDF.app/UploadPDF";
			};
			name = Debug;
		};
		8135C36A1EB1FCDC00FCF9F4 /* Release */ = {
			isa = XCBuildConfiguration;
			buildSettings = {
				ALWAYS_EMBED_SWIFT_STANDARD_LIBRARIES = YES;
				BUNDLE_LOADER = "$(TEST_HOST)";
				DEVELOPMENT_TEAM = RXRA63Q8FB;
				INFOPLIST_FILE = UploadPDFTests/Info.plist;
				LD_RUNPATH_SEARCH_PATHS = "$(inherited) @executable_path/Frameworks @loader_path/Frameworks";
				PRODUCT_BUNDLE_IDENTIFIER = com.ps.UploadPDFTests;
				PRODUCT_NAME = "$(TARGET_NAME)";
				SWIFT_VERSION = 3.0;
				TEST_HOST = "$(BUILT_PRODUCTS_DIR)/UploadPDF.app/UploadPDF";
			};
			name = Release;
		};
		8135C36C1EB1FCDC00FCF9F4 /* Debug */ = {
			isa = XCBuildConfiguration;
			buildSettings = {
				ALWAYS_EMBED_SWIFT_STANDARD_LIBRARIES = YES;
				DEVELOPMENT_TEAM = RXRA63Q8FB;
				INFOPLIST_FILE = UploadPDFUITests/Info.plist;
				LD_RUNPATH_SEARCH_PATHS = "$(inherited) @executable_path/Frameworks @loader_path/Frameworks";
				PRODUCT_BUNDLE_IDENTIFIER = com.ps.UploadPDFUITests;
				PRODUCT_NAME = "$(TARGET_NAME)";
				SWIFT_VERSION = 3.0;
				TEST_TARGET_NAME = UploadPDF;
			};
			name = Debug;
		};
		8135C36D1EB1FCDC00FCF9F4 /* Release */ = {
			isa = XCBuildConfiguration;
			buildSettings = {
				ALWAYS_EMBED_SWIFT_STANDARD_LIBRARIES = YES;
				DEVELOPMENT_TEAM = RXRA63Q8FB;
				INFOPLIST_FILE = UploadPDFUITests/Info.plist;
				LD_RUNPATH_SEARCH_PATHS = "$(inherited) @executable_path/Frameworks @loader_path/Frameworks";
				PRODUCT_BUNDLE_IDENTIFIER = com.ps.UploadPDFUITests;
				PRODUCT_NAME = "$(TARGET_NAME)";
				SWIFT_VERSION = 3.0;
				TEST_TARGET_NAME = UploadPDF;
			};
			name = Release;
		};
/* End XCBuildConfiguration section */

/* Begin XCConfigurationList section */
		8135C3381EB1FCD900FCF9F4 /* Build configuration list for PBXProject "UploadPDF" */ = {
			isa = XCConfigurationList;
			buildConfigurations = (
				8135C3631EB1FCDC00FCF9F4 /* Debug */,
				8135C3641EB1FCDC00FCF9F4 /* Release */,
			);
			defaultConfigurationIsVisible = 0;
			defaultConfigurationName = Release;
		};
		8135C3651EB1FCDC00FCF9F4 /* Build configuration list for PBXNativeTarget "UploadPDF" */ = {
			isa = XCConfigurationList;
			buildConfigurations = (
				8135C3661EB1FCDC00FCF9F4 /* Debug */,
				8135C3671EB1FCDC00FCF9F4 /* Release */,
			);
			defaultConfigurationIsVisible = 0;
		};
		8135C3681EB1FCDC00FCF9F4 /* Build configuration list for PBXNativeTarget "UploadPDFTests" */ = {
			isa = XCConfigurationList;
			buildConfigurations = (
				8135C3691EB1FCDC00FCF9F4 /* Debug */,
				8135C36A1EB1FCDC00FCF9F4 /* Release */,
			);
			defaultConfigurationIsVisible = 0;
		};
		8135C36B1EB1FCDC00FCF9F4 /* Build configuration list for PBXNativeTarget "UploadPDFUITests" */ = {
			isa = XCConfigurationList;
			buildConfigurations = (
				8135C36C1EB1FCDC00FCF9F4 /* Debug */,
				8135C36D1EB1FCDC00FCF9F4 /* Release */,
			);
			defaultConfigurationIsVisible = 0;
		};
/* End XCConfigurationList section */
	};
	rootObject = 8135C3351EB1FCD900FCF9F4 /* Project object */;
}
